// !$*UTF8*$!
{
	archiveVersion = 1;
	classes = {
	};
	objectVersion = 48;
	objects = {

/* Begin PBXBuildFile section */
		90C805AA1FB415C1009A763C /* transplantstickers StickerPackExtension.appex in Embed App Extensions */ = {isa = PBXBuildFile; fileRef = 90C805A91FB415C1009A763C /* transplantstickers StickerPackExtension.appex */; settings = {ATTRIBUTES = (RemoveHeadersOnCopy, ); }; };
		90C805AE1FB415C1009A763C /* Stickers.xcstickers in Resources */ = {isa = PBXBuildFile; fileRef = 90C805AD1FB415C1009A763C /* Stickers.xcstickers */; };
		90C805AF1FB415C1009A763C /* Stickers.xcstickers in Resources */ = {isa = PBXBuildFile; fileRef = 90C805AD1FB415C1009A763C /* Stickers.xcstickers */; };
/* End PBXBuildFile section */

/* Begin PBXContainerItemProxy section */
		90C805AB1FB415C1009A763C /* PBXContainerItemProxy */ = {
			isa = PBXContainerItemProxy;
			containerPortal = 90C8059F1FB415C0009A763C /* Project object */;
			proxyType = 1;
			remoteGlobalIDString = 90C805A81FB415C1009A763C;
			remoteInfo = "transplantstickers StickerPackExtension";
		};
/* End PBXContainerItemProxy section */

/* Begin PBXCopyFilesBuildPhase section */
		90C805B51FB415C1009A763C /* Embed App Extensions */ = {
			isa = PBXCopyFilesBuildPhase;
			buildActionMask = 2147483647;
			dstPath = "";
			dstSubfolderSpec = 13;
			files = (
				90C805AA1FB415C1009A763C /* transplantstickers StickerPackExtension.appex in Embed App Extensions */,
			);
			name = "Embed App Extensions";
			runOnlyForDeploymentPostprocessing = 0;
		};
/* End PBXCopyFilesBuildPhase section */

/* Begin PBXFileReference section */
		90C805A51FB415C0009A763C /* transplantstickers.app */ = {isa = PBXFileReference; explicitFileType = wrapper.application; includeInIndex = 0; path = transplantstickers.app; sourceTree = BUILT_PRODUCTS_DIR; };
		90C805A91FB415C1009A763C /* transplantstickers StickerPackExtension.appex */ = {isa = PBXFileReference; explicitFileType = "wrapper.app-extension"; includeInIndex = 0; path = "transplantstickers StickerPackExtension.appex"; sourceTree = BUILT_PRODUCTS_DIR; };
		90C805AD1FB415C1009A763C /* Stickers.xcstickers */ = {isa = PBXFileReference; lastKnownFileType = folder.stickers; name = Stickers.xcstickers; path = "transplantstickers StickerPackExtension/Stickers.xcstickers"; sourceTree = "<group>"; };
/* End PBXFileReference section */

/* Begin PBXGroup section */
		90C8059E1FB415C0009A763C = {
			isa = PBXGroup;
			children = (
				90C805AD1FB415C1009A763C /* Stickers.xcstickers */,
				90C805A61FB415C0009A763C /* Products */,
			);
			sourceTree = "<group>";
		};
		90C805A61FB415C0009A763C /* Products */ = {
			isa = PBXGroup;
			children = (
				90C805A51FB415C0009A763C /* transplantstickers.app */,
				90C805A91FB415C1009A763C /* transplantstickers StickerPackExtension.appex */,
			);
			name = Products;
			sourceTree = "<group>";
		};
/* End PBXGroup section */

/* Begin PBXNativeTarget section */
		90C805A41FB415C0009A763C /* transplantstickers */ = {
			isa = PBXNativeTarget;
			buildConfigurationList = 90C805B61FB415C1009A763C /* Build configuration list for PBXNativeTarget "transplantstickers" */;
			buildPhases = (
				90C805A31FB415C0009A763C /* Resources */,
				90C805B51FB415C1009A763C /* Embed App Extensions */,
			);
			buildRules = (
			);
			dependencies = (
				90C805AC1FB415C1009A763C /* PBXTargetDependency */,
			);
			name = transplantstickers;
			productName = transplantstickers;
			productReference = 90C805A51FB415C0009A763C /* transplantstickers.app */;
			productType = "com.apple.product-type.application.messages";
		};
		90C805A81FB415C1009A763C /* transplantstickers StickerPackExtension */ = {
			isa = PBXNativeTarget;
			buildConfigurationList = 90C805B21FB415C1009A763C /* Build configuration list for PBXNativeTarget "transplantstickers StickerPackExtension" */;
			buildPhases = (
				90C805A71FB415C1009A763C /* Resources */,
			);
			buildRules = (
			);
			dependencies = (
			);
			name = "transplantstickers StickerPackExtension";
			productName = "transplantstickers StickerPackExtension";
			productReference = 90C805A91FB415C1009A763C /* transplantstickers StickerPackExtension.appex */;
			productType = "com.apple.product-type.app-extension.messages-sticker-pack";
		};
/* End PBXNativeTarget section */

/* Begin PBXProject section */
		90C8059F1FB415C0009A763C /* Project object */ = {
			isa = PBXProject;
			attributes = {
				LastUpgradeCheck = 0910;
				ORGANIZATIONNAME = "Marc Melcher";
				TargetAttributes = {
					90C805A41FB415C0009A763C = {
						CreatedOnToolsVersion = 9.1;
						ProvisioningStyle = Automatic;
					};
					90C805A81FB415C1009A763C = {
						CreatedOnToolsVersion = 9.1;
						ProvisioningStyle = Automatic;
					};
				};
			};
			buildConfigurationList = 90C805A21FB415C0009A763C /* Build configuration list for PBXProject "transplantstickers" */;
			compatibilityVersion = "Xcode 8.0";
			developmentRegion = en;
			hasScannedForEncodings = 0;
			knownRegions = (
				en,
			);
			mainGroup = 90C8059E1FB415C0009A763C;
			productRefGroup = 90C805A61FB415C0009A763C /* Products */;
			projectDirPath = "";
			projectRoot = "";
			targets = (
				90C805A41FB415C0009A763C /* transplantstickers */,
				90C805A81FB415C1009A763C /* transplantstickers StickerPackExtension */,
			);
		};
/* End PBXProject section */

/* Begin PBXResourcesBuildPhase section */
		90C805A31FB415C0009A763C /* Resources */ = {
			isa = PBXResourcesBuildPhase;
			buildActionMask = 2147483647;
			files = (
				90C805AF1FB415C1009A763C /* Stickers.xcstickers in Resources */,
			);
			runOnlyForDeploymentPostprocessing = 0;
		};
		90C805A71FB415C1009A763C /* Resources */ = {
			isa = PBXResourcesBuildPhase;
			buildActionMask = 2147483647;
			files = (
				90C805AE1FB415C1009A763C /* Stickers.xcstickers in Resources */,
			);
			runOnlyForDeploymentPostprocessing = 0;
		};
/* End PBXResourcesBuildPhase section */

/* Begin PBXTargetDependency section */
		90C805AC1FB415C1009A763C /* PBXTargetDependency */ = {
			isa = PBXTargetDependency;
			target = 90C805A81FB415C1009A763C /* transplantstickers StickerPackExtension */;
			targetProxy = 90C805AB1FB415C1009A763C /* PBXContainerItemProxy */;
		};
/* End PBXTargetDependency section */

/* Begin XCBuildConfiguration section */
		90C805B01FB415C1009A763C /* Debug */ = {
			isa = XCBuildConfiguration;
			buildSettings = {
				ALWAYS_SEARCH_USER_PATHS = NO;
				CLANG_ANALYZER_NONNULL = YES;
				CLANG_ANALYZER_NUMBER_OBJECT_CONVERSION = YES_AGGRESSIVE;
				CLANG_CXX_LANGUAGE_STANDARD = "gnu++14";
				CLANG_CXX_LIBRARY = "libc++";
				CLANG_ENABLE_MODULES = YES;
				CLANG_ENABLE_OBJC_ARC = YES;
				CLANG_WARN_BLOCK_CAPTURE_AUTORELEASING = YES;
				CLANG_WARN_BOOL_CONVERSION = YES;
				CLANG_WARN_COMMA = YES;
				CLANG_WARN_CONSTANT_CONVERSION = YES;
				CLANG_WARN_DIRECT_OBJC_ISA_USAGE = YES_ERROR;
				CLANG_WARN_DOCUMENTATION_COMMENTS = YES;
				CLANG_WARN_EMPTY_BODY = YES;
				CLANG_WARN_ENUM_CONVERSION = YES;
				CLANG_WARN_INFINITE_RECURSION = YES;
				CLANG_WARN_INT_CONVERSION = YES;
				CLANG_WARN_NON_LITERAL_NULL_CONVERSION = YES;
				CLANG_WARN_OBJC_LITERAL_CONVERSION = YES;
				CLANG_WARN_OBJC_ROOT_CLASS = YES_ERROR;
				CLANG_WARN_RANGE_LOOP_ANALYSIS = YES;
				CLANG_WARN_STRICT_PROTOTYPES = YES;
				CLANG_WARN_SUSPICIOUS_MOVE = YES;
				CLANG_WARN_UNGUARDED_AVAILABILITY = YES_AGGRESSIVE;
				CLANG_WARN_UNREACHABLE_CODE = YES;
				CLANG_WARN__DUPLICATE_METHOD_MATCH = YES;
				CODE_SIGN_IDENTITY = "iPhone Developer";
				COPY_PHASE_STRIP = NO;
				DEBUG_INFORMATION_FORMAT = dwarf;
				ENABLE_STRICT_OBJC_MSGSEND = YES;
				ENABLE_TESTABILITY = YES;
				GCC_C_LANGUAGE_STANDARD = gnu11;
				GCC_DYNAMIC_NO_PIC = NO;
				GCC_NO_COMMON_BLOCKS = YES;
				GCC_OPTIMIZATION_LEVEL = 0;
				GCC_PREPROCESSOR_DEFINITIONS = (
					"DEBUG=1",
					"$(inherited)",
				);
				GCC_WARN_64_TO_32_BIT_CONVERSION = YES;
				GCC_WARN_ABOUT_RETURN_TYPE = YES_ERROR;
				GCC_WARN_UNDECLARED_SELECTOR = YES;
				GCC_WARN_UNINITIALIZED_AUTOS = YES_AGGRESSIVE;
				GCC_WARN_UNUSED_FUNCTION = YES;
				GCC_WARN_UNUSED_VARIABLE = YES;
				IPHONEOS_DEPLOYMENT_TARGET = 11.1;
				MTL_ENABLE_DEBUG_INFO = YES;
				ONLY_ACTIVE_ARCH = YES;
				SDKROOT = iphoneos;
			};
			name = Debug;
		};
		90C805B11FB415C1009A763C /* Release */ = {
			isa = XCBuildConfiguration;
			buildSettings = {
				ALWAYS_SEARCH_USER_PATHS = NO;
				CLANG_ANALYZER_NONNULL = YES;
				CLANG_ANALYZER_NUMBER_OBJECT_CONVERSION = YES_AGGRESSIVE;
				CLANG_CXX_LANGUAGE_STANDARD = "gnu++14";
				CLANG_CXX_LIBRARY = "libc++";
				CLANG_ENABLE_MODULES = YES;
				CLANG_ENABLE_OBJC_ARC = YES;
				CLANG_WARN_BLOCK_CAPTURE_AUTORELEASING = YES;
				CLANG_WARN_BOOL_CONVERSION = YES;
				CLANG_WARN_COMMA = YES;
				CLANG_WARN_CONSTANT_CONVERSION = YES;
				CLANG_WARN_DIRECT_OBJC_ISA_USAGE = YES_ERROR;
				CLANG_WARN_DOCUMENTATION_COMMENTS = YES;
				CLANG_WARN_EMPTY_BODY = YES;
				CLANG_WARN_ENUM_CONVERSION = YES;
				CLANG_WARN_INFINITE_RECURSION = YES;
				CLANG_WARN_INT_CONVERSION = YES;
				CLANG_WARN_NON_LITERAL_NULL_CONVERSION = YES;
				CLANG_WARN_OBJC_LITERAL_CONVERSION = YES;
				CLANG_WARN_OBJC_ROOT_CLASS = YES_ERROR;
				CLANG_WARN_RANGE_LOOP_ANALYSIS = YES;
				CLANG_WARN_STRICT_PROTOTYPES = YES;
				CLANG_WARN_SUSPICIOUS_MOVE = YES;
				CLANG_WARN_UNGUARDED_AVAILABILITY = YES_AGGRESSIVE;
				CLANG_WARN_UNREACHABLE_CODE = YES;
				CLANG_WARN__DUPLICATE_METHOD_MATCH = YES;
				CODE_SIGN_IDENTITY = "iPhone Developer";
				COPY_PHASE_STRIP = NO;
				DEBUG_INFORMATION_FORMAT = "dwarf-with-dsym";
				ENABLE_NS_ASSERTIONS = NO;
				ENABLE_STRICT_OBJC_MSGSEND = YES;
				GCC_C_LANGUAGE_STANDARD = gnu11;
				GCC_NO_COMMON_BLOCKS = YES;
				GCC_WARN_64_TO_32_BIT_CONVERSION = YES;
				GCC_WARN_ABOUT_RETURN_TYPE = YES_ERROR;
				GCC_WARN_UNDECLARED_SELECTOR = YES;
				GCC_WARN_UNINITIALIZED_AUTOS = YES_AGGRESSIVE;
				GCC_WARN_UNUSED_FUNCTION = YES;
				GCC_WARN_UNUSED_VARIABLE = YES;
				IPHONEOS_DEPLOYMENT_TARGET = 11.1;
				MTL_ENABLE_DEBUG_INFO = NO;
				SDKROOT = iphoneos;
				VALIDATE_PRODUCT = YES;
			};
			name = Release;
		};
		90C805B31FB415C1009A763C /* Debug */ = {
			isa = XCBuildConfiguration;
			buildSettings = {
				ASSETCATALOG_COMPILER_APPICON_NAME = "iMessage App Icon";
				CODE_SIGN_STYLE = Automatic;
				DEVELOPMENT_TEAM = C3U5S48E88;
				INFOPLIST_FILE = "transplantstickers StickerPackExtension/Info.plist";
				PRODUCT_BUNDLE_IDENTIFIER = com.transplanttools.transplantstickers.StickerPackExtension;
				PRODUCT_NAME = "$(TARGET_NAME)";
				SKIP_INSTALL = YES;
				TARGETED_DEVICE_FAMILY = "1,2";
			};
			name = Debug;
		};
		90C805B41FB415C1009A763C /* Release */ = {
			isa = XCBuildConfiguration;
			buildSettings = {
				ASSETCATALOG_COMPILER_APPICON_NAME = "iMessage App Icon";
				CODE_SIGN_STYLE = Automatic;
				DEVELOPMENT_TEAM = C3U5S48E88;
				INFOPLIST_FILE = "transplantstickers StickerPackExtension/Info.plist";
				PRODUCT_BUNDLE_IDENTIFIER = com.transplanttools.transplantstickers.StickerPackExtension;
				PRODUCT_NAME = "$(TARGET_NAME)";
				SKIP_INSTALL = YES;
				TARGETED_DEVICE_FAMILY = "1,2";
			};
			name = Release;
		};
		90C805B71FB415C1009A763C /* Debug */ = {
			isa = XCBuildConfiguration;
			buildSettings = {
				ASSETCATALOG_COMPILER_APPICON_NAME = "iMessage App Icon";
				CODE_SIGN_STYLE = Automatic;
				DEVELOPMENT_TEAM = C3U5S48E88;
				INFOPLIST_FILE = transplantstickers/Info.plist;
				PRODUCT_BUNDLE_IDENTIFIER = com.transplanttools.transplantstickers;
				PRODUCT_NAME = "$(TARGET_NAME)";
				TARGETED_DEVICE_FAMILY = "1,2";
			};
			name = Debug;
		};
		90C805B81FB415C1009A763C /* Release */ = {
			isa = XCBuildConfiguration;
			buildSettings = {
				ASSETCATALOG_COMPILER_APPICON_NAME = "iMessage App Icon";
				CODE_SIGN_STYLE = Automatic;
				DEVELOPMENT_TEAM = C3U5S48E88;
				INFOPLIST_FILE = transplantstickers/Info.plist;
				PRODUCT_BUNDLE_IDENTIFIER = com.transplanttools.transplantstickers;
				PRODUCT_NAME = "$(TARGET_NAME)";
				TARGETED_DEVICE_FAMILY = "1,2";
			};
			name = Release;
		};
/* End XCBuildConfiguration section */

/* Begin XCConfigurationList section */
		90C805A21FB415C0009A763C /* Build configuration list for PBXProject "transplantstickers" */ = {
			isa = XCConfigurationList;
			buildConfigurations = (
				90C805B01FB415C1009A763C /* Debug */,
				90C805B11FB415C1009A763C /* Release */,
			);
			defaultConfigurationIsVisible = 0;
			defaultConfigurationName = Release;
		};
		90C805B21FB415C1009A763C /* Build configuration list for PBXNativeTarget "transplantstickers StickerPackExtension" */ = {
			isa = XCConfigurationList;
			buildConfigurations = (
				90C805B31FB415C1009A763C /* Debug */,
				90C805B41FB415C1009A763C /* Release */,
			);
			defaultConfigurationIsVisible = 0;
			defaultConfigurationName = Release;
		};
		90C805B61FB415C1009A763C /* Build configuration list for PBXNativeTarget "transplantstickers" */ = {
			isa = XCConfigurationList;
			buildConfigurations = (
				90C805B71FB415C1009A763C /* Debug */,
				90C805B81FB415C1009A763C /* Release */,
			);
			defaultConfigurationIsVisible = 0;
			defaultConfigurationName = Release;
		};
/* End XCConfigurationList section */
	};
	rootObject = 90C8059F1FB415C0009A763C /* Project object */;
}
