// !$*UTF8*$!
{
	archiveVersion = 1;
	classes = {
	};
	objectVersion = 54;
	objects = {

/* Begin PBXBuildFile section */
		907E90491FB434D200C23B68 /* Stickers.xcstickers in Resources */ = {isa = PBXBuildFile; fileRef = 90C805B91FB415E2009A763C /* Stickers.xcstickers */; };
		90C805AA1FB415C1009A763C /* transplantstickers StickerPackExtension.appex in Embed Foundation Extensions */ = {isa = PBXBuildFile; fileRef = 90C805A91FB415C1009A763C /* transplantstickers StickerPackExtension.appex */; settings = {ATTRIBUTES = (RemoveHeadersOnCopy, ); }; };
		90C805BA1FB415E2009A763C /* Stickers.xcstickers in Resources */ = {isa = PBXBuildFile; fileRef = 90C805B91FB415E2009A763C /* Stickers.xcstickers */; };
		FD78A2292F60C57C00473C99 /* Assets.xcassets in Resources */ = {isa = PBXBuildFile; fileRef = FD78A2282F60C57C00473C99 /* Assets.xcassets */; };
		FD78A22A2F60C57C00473C99 /* Assets.xcassets in Resources */ = {isa = PBXBuildFile; fileRef = FD78A2282F60C57C00473C99 /* Assets.xcassets */; };
		FD78A2412F60CC4600473C99 /* icon-ipad-74x55@2x.png in Resources */ = {isa = PBXBuildFile; fileRef = FD78A23B2F60CC4600473C99 /* icon-ipad-74x55@2x.png */; };
		FD78A2422F60CC4600473C99 /* icon-ios-1024x768.png in Resources */ = {isa = PBXBuildFile; fileRef = FD78A2372F60CC4600473C99 /* icon-ios-1024x768.png */; };
		FD78A2432F60CC4600473C99 /* icon-ios-marketing-1024x1024.png in Resources */ = {isa = PBXBuildFile; fileRef = FD78A2382F60CC4600473C99 /* icon-ios-marketing-1024x1024.png */; };
		FD78A2442F60CC4600473C99 /* icon-iphone-60x45@2x.png in Resources */ = {isa = PBXBuildFile; fileRef = FD78A23E2F60CC4600473C99 /* icon-iphone-60x45@2x.png */; };
		FD78A2452F60CC4600473C99 /* icon-ios-32x24@3x.png in Resources */ = {isa = PBXBuildFile; fileRef = FD78A2362F60CC4600473C99 /* icon-ios-32x24@3x.png */; };
		FD78A2462F60CC4600473C99 /* icon-ios-27x20@3x.png in Resources */ = {isa = PBXBuildFile; fileRef = FD78A2342F60CC4600473C99 /* icon-ios-27x20@3x.png */; };
		FD78A2472F60CC4600473C99 /* icon-iphone-29x29@3x.png in Resources */ = {isa = PBXBuildFile; fileRef = FD78A23D2F60CC4600473C99 /* icon-iphone-29x29@3x.png */; };
		FD78A2482F60CC4600473C99 /* icon-ipad-67x50@2x.png in Resources */ = {isa = PBXBuildFile; fileRef = FD78A23A2F60CC4600473C99 /* icon-ipad-67x50@2x.png */; };
		FD78A2492F60CC4600473C99 /* icon-ios-32x24@2x.png in Resources */ = {isa = PBXBuildFile; fileRef = FD78A2352F60CC4600473C99 /* icon-ios-32x24@2x.png */; };
		FD78A24A2F60CC4600473C99 /* Contents.json in Resources */ = {isa = PBXBuildFile; fileRef = FD78A2322F60CC4600473C99 /* Contents.json */; };
		FD78A24B2F60CC4600473C99 /* icon-iphone-60x45@3x.png in Resources */ = {isa = PBXBuildFile; fileRef = FD78A23F2F60CC4600473C99 /* icon-iphone-60x45@3x.png */; };
		FD78A24C2F60CC4600473C99 /* icon-ios-27x20@2x.png in Resources */ = {isa = PBXBuildFile; fileRef = FD78A2332F60CC4600473C99 /* icon-ios-27x20@2x.png */; };
		FD78A24D2F60CC4600473C99 /* icon-ipad-29x29@2x.png in Resources */ = {isa = PBXBuildFile; fileRef = FD78A2392F60CC4600473C99 /* icon-ipad-29x29@2x.png */; };
		FD78A24E2F60CC4600473C99 /* icon-iphone-29x29@2x.png in Resources */ = {isa = PBXBuildFile; fileRef = FD78A23C2F60CC4600473C99 /* icon-iphone-29x29@2x.png */; };
		FD78A24F2F60CC4600473C99 /* icon-ipad-74x55@2x.png in Resources */ = {isa = PBXBuildFile; fileRef = FD78A23B2F60CC4600473C99 /* icon-ipad-74x55@2x.png */; };
		FD78A2502F60CC4600473C99 /* icon-ios-1024x768.png in Resources */ = {isa = PBXBuildFile; fileRef = FD78A2372F60CC4600473C99 /* icon-ios-1024x768.png */; };
		FD78A2512F60CC4600473C99 /* icon-ios-marketing-1024x1024.png in Resources */ = {isa = PBXBuildFile; fileRef = FD78A2382F60CC4600473C99 /* icon-ios-marketing-1024x1024.png */; };
		FD78A2522F60CC4600473C99 /* icon-iphone-60x45@2x.png in Resources */ = {isa = PBXBuildFile; fileRef = FD78A23E2F60CC4600473C99 /* icon-iphone-60x45@2x.png */; };
		FD78A2532F60CC4600473C99 /* icon-ios-32x24@3x.png in Resources */ = {isa = PBXBuildFile; fileRef = FD78A2362F60CC4600473C99 /* icon-ios-32x24@3x.png */; };
		FD78A2542F60CC4600473C99 /* icon-ios-27x20@3x.png in Resources */ = {isa = PBXBuildFile; fileRef = FD78A2342F60CC4600473C99 /* icon-ios-27x20@3x.png */; };
		FD78A2552F60CC4600473C99 /* icon-iphone-29x29@3x.png in Resources */ = {isa = PBXBuildFile; fileRef = FD78A23D2F60CC4600473C99 /* icon-iphone-29x29@3x.png */; };
		FD78A2562F60CC4600473C99 /* icon-ipad-67x50@2x.png in Resources */ = {isa = PBXBuildFile; fileRef = FD78A23A2F60CC4600473C99 /* icon-ipad-67x50@2x.png */; };
		FD78A2572F60CC4600473C99 /* icon-ios-32x24@2x.png in Resources */ = {isa = PBXBuildFile; fileRef = FD78A2352F60CC4600473C99 /* icon-ios-32x24@2x.png */; };
		FD78A2582F60CC4600473C99 /* Contents.json in Resources */ = {isa = PBXBuildFile; fileRef = FD78A2322F60CC4600473C99 /* Contents.json */; };
		FD78A2592F60CC4600473C99 /* icon-iphone-60x45@3x.png in Resources */ = {isa = PBXBuildFile; fileRef = FD78A23F2F60CC4600473C99 /* icon-iphone-60x45@3x.png */; };
		FD78A25A2F60CC4600473C99 /* icon-ios-27x20@2x.png in Resources */ = {isa = PBXBuildFile; fileRef = FD78A2332F60CC4600473C99 /* icon-ios-27x20@2x.png */; };
		FD78A25B2F60CC4600473C99 /* icon-ipad-29x29@2x.png in Resources */ = {isa = PBXBuildFile; fileRef = FD78A2392F60CC4600473C99 /* icon-ipad-29x29@2x.png */; };
		FD78A25C2F60CC4600473C99 /* icon-iphone-29x29@2x.png in Resources */ = {isa = PBXBuildFile; fileRef = FD78A23C2F60CC4600473C99 /* icon-iphone-29x29@2x.png */; };
		FD78A26C2F611CE000473C99 /* icon-iphone-29x29@2x.png in Resources */ = {isa = PBXBuildFile; fileRef = FD78A2672F611CE000473C99 /* icon-iphone-29x29@2x.png */; };
		FD78A26D2F611CE000473C99 /* icon-ipad-29x29@2x.png in Resources */ = {isa = PBXBuildFile; fileRef = FD78A2642F611CE000473C99 /* icon-ipad-29x29@2x.png */; };
		FD78A26E2F611CE000473C99 /* icon-ios-27x20@2x.png in Resources */ = {isa = PBXBuildFile; fileRef = FD78A25E2F611CE000473C99 /* icon-ios-27x20@2x.png */; };
		FD78A26F2F611CE000473C99 /* icon-ipad-74x55@2x.png in Resources */ = {isa = PBXBuildFile; fileRef = FD78A2662F611CE000473C99 /* icon-ipad-74x55@2x.png */; };
		FD78A2702F611CE000473C99 /* icon-ios-1024x768.png in Resources */ = {isa = PBXBuildFile; fileRef = FD78A2622F611CE000473C99 /* icon-ios-1024x768.png */; };
		FD78A2712F611CE000473C99 /* icon-ios-marketing-1024x1024.png in Resources */ = {isa = PBXBuildFile; fileRef = FD78A2632F611CE000473C99 /* icon-ios-marketing-1024x1024.png */; };
		FD78A2722F611CE000473C99 /* icon-iphone-29x29@3x.png in Resources */ = {isa = PBXBuildFile; fileRef = FD78A2682F611CE000473C99 /* icon-iphone-29x29@3x.png */; };
		FD78A2732F611CE000473C99 /* Contents.json in Resources */ = {isa = PBXBuildFile; fileRef = FD78A25D2F611CE000473C99 /* Contents.json */; };
		FD78A2742F611CE000473C99 /* icon-iphone-60x45@3x.png in Resources */ = {isa = PBXBuildFile; fileRef = FD78A26A2F611CE000473C99 /* icon-iphone-60x45@3x.png */; };
		FD78A2752F611CE000473C99 /* icon-ios-32x24@3x.png in Resources */ = {isa = PBXBuildFile; fileRef = FD78A2612F611CE000473C99 /* icon-ios-32x24@3x.png */; };
		FD78A2762F611CE000473C99 /* icon-ios-27x20@3x.png in Resources */ = {isa = PBXBuildFile; fileRef = FD78A25F2F611CE000473C99 /* icon-ios-27x20@3x.png */; };
		FD78A2772F611CE000473C99 /* icon-iphone-60x45@2x.png in Resources */ = {isa = PBXBuildFile; fileRef = FD78A2692F611CE000473C99 /* icon-iphone-60x45@2x.png */; };
		FD78A2782F611CE000473C99 /* icon-ipad-67x50@2x.png in Resources */ = {isa = PBXBuildFile; fileRef = FD78A2652F611CE000473C99 /* icon-ipad-67x50@2x.png */; };
		FD78A2792F611CE000473C99 /* icon-ios-32x24@2x.png in Resources */ = {isa = PBXBuildFile; fileRef = FD78A2602F611CE000473C99 /* icon-ios-32x24@2x.png */; };
		FD78A27A2F611CE000473C99 /* icon-iphone-29x29@2x.png in Resources */ = {isa = PBXBuildFile; fileRef = FD78A2672F611CE000473C99 /* icon-iphone-29x29@2x.png */; };
		FD78A27B2F611CE000473C99 /* icon-ipad-29x29@2x.png in Resources */ = {isa = PBXBuildFile; fileRef = FD78A2642F611CE000473C99 /* icon-ipad-29x29@2x.png */; };
		FD78A27C2F611CE000473C99 /* icon-ios-27x20@2x.png in Resources */ = {isa = PBXBuildFile; fileRef = FD78A25E2F611CE000473C99 /* icon-ios-27x20@2x.png */; };
		FD78A27D2F611CE000473C99 /* icon-ipad-74x55@2x.png in Resources */ = {isa = PBXBuildFile; fileRef = FD78A2662F611CE000473C99 /* icon-ipad-74x55@2x.png */; };
		FD78A27E2F611CE000473C99 /* icon-ios-1024x768.png in Resources */ = {isa = PBXBuildFile; fileRef = FD78A2622F611CE000473C99 /* icon-ios-1024x768.png */; };
		FD78A27F2F611CE000473C99 /* icon-ios-marketing-1024x1024.png in Resources */ = {isa = PBXBuildFile; fileRef = FD78A2632F611CE000473C99 /* icon-ios-marketing-1024x1024.png */; };
		FD78A2802F611CE000473C99 /* icon-iphone-29x29@3x.png in Resources */ = {isa = PBXBuildFile; fileRef = FD78A2682F611CE000473C99 /* icon-iphone-29x29@3x.png */; };
		FD78A2812F611CE000473C99 /* Contents.json in Resources */ = {isa = PBXBuildFile; fileRef = FD78A25D2F611CE000473C99 /* Contents.json */; };
		FD78A2822F611CE000473C99 /* icon-iphone-60x45@3x.png in Resources */ = {isa = PBXBuildFile; fileRef = FD78A26A2F611CE000473C99 /* icon-iphone-60x45@3x.png */; };
		FD78A2832F611CE000473C99 /* icon-ios-32x24@3x.png in Resources */ = {isa = PBXBuildFile; fileRef = FD78A2612F611CE000473C99 /* icon-ios-32x24@3x.png */; };
		FD78A2842F611CE000473C99 /* icon-ios-27x20@3x.png in Resources */ = {isa = PBXBuildFile; fileRef = FD78A25F2F611CE000473C99 /* icon-ios-27x20@3x.png */; };
		FD78A2852F611CE000473C99 /* icon-iphone-60x45@2x.png in Resources */ = {isa = PBXBuildFile; fileRef = FD78A2692F611CE000473C99 /* icon-iphone-60x45@2x.png */; };
		FD78A2862F611CE000473C99 /* icon-ipad-67x50@2x.png in Resources */ = {isa = PBXBuildFile; fileRef = FD78A2652F611CE000473C99 /* icon-ipad-67x50@2x.png */; };
		FD78A2872F611CE000473C99 /* icon-ios-32x24@2x.png in Resources */ = {isa = PBXBuildFile; fileRef = FD78A2602F611CE000473C99 /* icon-ios-32x24@2x.png */; };
/* End PBXBuildFile section */

/* Begin PBXContainerItemProxy section */
		90C805AB1FB415C1009A763C /* PBXContainerItemProxy */ = {
			isa = PBXContainerItemProxy;
			containerPortal = 90C8059F1FB415C0009A763C /* Project object */;
			proxyType = 1;
			remoteGlobalIDString = 90C805A81FB415C1009A763C;
			remoteInfo = "transplantstickers StickerPackExtension";
		};
/* End PBXContainerItemProxy section */

/* Begin PBXCopyFilesBuildPhase section */
		90C805B51FB415C1009A763C /* Embed Foundation Extensions */ = {
			isa = PBXCopyFilesBuildPhase;
			buildActionMask = 2147483647;
			dstPath = "";
			dstSubfolderSpec = 13;
			files = (
				90C805AA1FB415C1009A763C /* transplantstickers StickerPackExtension.appex in Embed Foundation Extensions */,
			);
			name = "Embed Foundation Extensions";
			runOnlyForDeploymentPostprocessing = 0;
		};
/* End PBXCopyFilesBuildPhase section */

/* Begin PBXFileReference section */
		90C805A51FB415C0009A763C /* transplantstickers.app */ = {isa = PBXFileReference; explicitFileType = wrapper.application; includeInIndex = 0; path = transplantstickers.app; sourceTree = BUILT_PRODUCTS_DIR; };
		90C805A91FB415C1009A763C /* transplantstickers StickerPackExtension.appex */ = {isa = PBXFileReference; explicitFileType = "wrapper.app-extension"; includeInIndex = 0; path = "transplantstickers StickerPackExtension.appex"; sourceTree = BUILT_PRODUCTS_DIR; };
		90C805B91FB415E2009A763C /* Stickers.xcstickers */ = {isa = PBXFileReference; lastKnownFileType = folder.stickers; path = Stickers.xcstickers; sourceTree = "<group>"; };
		FD78A2282F60C57C00473C99 /* Assets.xcassets */ = {isa = PBXFileReference; lastKnownFileType = folder.assetcatalog; path = Assets.xcassets; sourceTree = "<group>"; };
		FD78A2322F60CC4600473C99 /* Contents.json */ = {isa = PBXFileReference; lastKnownFileType = text.json; path = Contents.json; sourceTree = "<group>"; };
		FD78A2332F60CC4600473C99 /* icon-ios-27x20@2x.png */ = {isa = PBXFileReference; lastKnownFileType = image.png; path = "icon-ios-27x20@2x.png"; sourceTree = "<group>"; };
		FD78A2342F60CC4600473C99 /* icon-ios-27x20@3x.png */ = {isa = PBXFileReference; lastKnownFileType = image.png; path = "icon-ios-27x20@3x.png"; sourceTree = "<group>"; };
		FD78A2352F60CC4600473C99 /* icon-ios-32x24@2x.png */ = {isa = PBXFileReference; lastKnownFileType = image.png; path = "icon-ios-32x24@2x.png"; sourceTree = "<group>"; };
		FD78A2362F60CC4600473C99 /* icon-ios-32x24@3x.png */ = {isa = PBXFileReference; lastKnownFileType = image.png; path = "icon-ios-32x24@3x.png"; sourceTree = "<group>"; };
		FD78A2372F60CC4600473C99 /* icon-ios-1024x768.png */ = {isa = PBXFileReference; lastKnownFileType = image.png; path = "icon-ios-1024x768.png"; sourceTree = "<group>"; };
		FD78A2382F60CC4600473C99 /* icon-ios-marketing-1024x1024.png */ = {isa = PBXFileReference; lastKnownFileType = image.png; path = "icon-ios-marketing-1024x1024.png"; sourceTree = "<group>"; };
		FD78A2392F60CC4600473C99 /* icon-ipad-29x29@2x.png */ = {isa = PBXFileReference; lastKnownFileType = image.png; path = "icon-ipad-29x29@2x.png"; sourceTree = "<group>"; };
		FD78A23A2F60CC4600473C99 /* icon-ipad-67x50@2x.png */ = {isa = PBXFileReference; lastKnownFileType = image.png; path = "icon-ipad-67x50@2x.png"; sourceTree = "<group>"; };
		FD78A23B2F60CC4600473C99 /* icon-ipad-74x55@2x.png */ = {isa = PBXFileReference; lastKnownFileType = image.png; path = "icon-ipad-74x55@2x.png"; sourceTree = "<group>"; };
		FD78A23C2F60CC4600473C99 /* icon-iphone-29x29@2x.png */ = {isa = PBXFileReference; lastKnownFileType = image.png; path = "icon-iphone-29x29@2x.png"; sourceTree = "<group>"; };
		FD78A23D2F60CC4600473C99 /* icon-iphone-29x29@3x.png */ = {isa = PBXFileReference; lastKnownFileType = image.png; path = "icon-iphone-29x29@3x.png"; sourceTree = "<group>"; };
		FD78A23E2F60CC4600473C99 /* icon-iphone-60x45@2x.png */ = {isa = PBXFileReference; lastKnownFileType = image.png; path = "icon-iphone-60x45@2x.png"; sourceTree = "<group>"; };
		FD78A23F2F60CC4600473C99 /* icon-iphone-60x45@3x.png */ = {isa = PBXFileReference; lastKnownFileType = image.png; path = "icon-iphone-60x45@3x.png"; sourceTree = "<group>"; };
		FD78A25D2F611CE000473C99 /* Contents.json */ = {isa = PBXFileReference; lastKnownFileType = text.json; path = Contents.json; sourceTree = "<group>"; };
		FD78A25E2F611CE000473C99 /* icon-ios-27x20@2x.png */ = {isa = PBXFileReference; lastKnownFileType = image.png; path = "icon-ios-27x20@2x.png"; sourceTree = "<group>"; };
		FD78A25F2F611CE000473C99 /* icon-ios-27x20@3x.png */ = {isa = PBXFileReference; lastKnownFileType = image.png; path = "icon-ios-27x20@3x.png"; sourceTree = "<group>"; };
		FD78A2602F611CE000473C99 /* icon-ios-32x24@2x.png */ = {isa = PBXFileReference; lastKnownFileType = image.png; path = "icon-ios-32x24@2x.png"; sourceTree = "<group>"; };
		FD78A2612F611CE000473C99 /* icon-ios-32x24@3x.png */ = {isa = PBXFileReference; lastKnownFileType = image.png; path = "icon-ios-32x24@3x.png"; sourceTree = "<group>"; };
		FD78A2622F611CE000473C99 /* icon-ios-1024x768.png */ = {isa = PBXFileReference; lastKnownFileType = image.png; path = "icon-ios-1024x768.png"; sourceTree = "<group>"; };
		FD78A2632F611CE000473C99 /* icon-ios-marketing-1024x1024.png */ = {isa = PBXFileReference; lastKnownFileType = image.png; path = "icon-ios-marketing-1024x1024.png"; sourceTree = "<group>"; };
		FD78A2642F611CE000473C99 /* icon-ipad-29x29@2x.png */ = {isa = PBXFileReference; lastKnownFileType = image.png; path = "icon-ipad-29x29@2x.png"; sourceTree = "<group>"; };
		FD78A2652F611CE000473C99 /* icon-ipad-67x50@2x.png */ = {isa = PBXFileReference; lastKnownFileType = image.png; path = "icon-ipad-67x50@2x.png"; sourceTree = "<group>"; };
		FD78A2662F611CE000473C99 /* icon-ipad-74x55@2x.png */ = {isa = PBXFileReference; lastKnownFileType = image.png; path = "icon-ipad-74x55@2x.png"; sourceTree = "<group>"; };
		FD78A2672F611CE000473C99 /* icon-iphone-29x29@2x.png */ = {isa = PBXFileReference; lastKnownFileType = image.png; path = "icon-iphone-29x29@2x.png"; sourceTree = "<group>"; };
		FD78A2682F611CE000473C99 /* icon-iphone-29x29@3x.png */ = {isa = PBXFileReference; lastKnownFileType = image.png; path = "icon-iphone-29x29@3x.png"; sourceTree = "<group>"; };
		FD78A2692F611CE000473C99 /* icon-iphone-60x45@2x.png */ = {isa = PBXFileReference; lastKnownFileType = image.png; path = "icon-iphone-60x45@2x.png"; sourceTree = "<group>"; };
		FD78A26A2F611CE000473C99 /* icon-iphone-60x45@3x.png */ = {isa = PBXFileReference; lastKnownFileType = image.png; path = "icon-iphone-60x45@3x.png"; sourceTree = "<group>"; };
/* End PBXFileReference section */

/* Begin PBXGroup section */
		90C8059E1FB415C0009A763C = {
			isa = PBXGroup;
			children = (
				FD78A2282F60C57C00473C99 /* Assets.xcassets */,
				FD78A26B2F611CE000473C99 /* Messages Icon.stickersiconset */,
				FD78A2402F60CC4600473C99 /* Messages Icon.stickersiconset */,
				90C805B91FB415E2009A763C /* Stickers.xcstickers */,
				90C805A61FB415C0009A763C /* Products */,
			);
			sourceTree = "<group>";
		};
		90C805A61FB415C0009A763C /* Products */ = {
			isa = PBXGroup;
			children = (
				90C805A51FB415C0009A763C /* transplantstickers.app */,
				90C805A91FB415C1009A763C /* transplantstickers StickerPackExtension.appex */,
			);
			name = Products;
			sourceTree = "<group>";
		};
		FD78A2402F60CC4600473C99 /* Messages Icon.stickersiconset */ = {
			isa = PBXGroup;
			children = (
				FD78A2322F60CC4600473C99 /* Contents.json */,
				FD78A2332F60CC4600473C99 /* icon-ios-27x20@2x.png */,
				FD78A2342F60CC4600473C99 /* icon-ios-27x20@3x.png */,
				FD78A2352F60CC4600473C99 /* icon-ios-32x24@2x.png */,
				FD78A2362F60CC4600473C99 /* icon-ios-32x24@3x.png */,
				FD78A2372F60CC4600473C99 /* icon-ios-1024x768.png */,
				FD78A2382F60CC4600473C99 /* icon-ios-marketing-1024x1024.png */,
				FD78A2392F60CC4600473C99 /* icon-ipad-29x29@2x.png */,
				FD78A23A2F60CC4600473C99 /* icon-ipad-67x50@2x.png */,
				FD78A23B2F60CC4600473C99 /* icon-ipad-74x55@2x.png */,
				FD78A23C2F60CC4600473C99 /* icon-iphone-29x29@2x.png */,
				FD78A23D2F60CC4600473C99 /* icon-iphone-29x29@3x.png */,
				FD78A23E2F60CC4600473C99 /* icon-iphone-60x45@2x.png */,
				FD78A23F2F60CC4600473C99 /* icon-iphone-60x45@3x.png */,
			);
			path = "Messages Icon.stickersiconset";
			sourceTree = "<group>";
		};
		FD78A26B2F611CE000473C99 /* Messages Icon.stickersiconset */ = {
			isa = PBXGroup;
			children = (
				FD78A25D2F611CE000473C99 /* Contents.json */,
				FD78A25E2F611CE000473C99 /* icon-ios-27x20@2x.png */,
				FD78A25F2F611CE000473C99 /* icon-ios-27x20@3x.png */,
				FD78A2602F611CE000473C99 /* icon-ios-32x24@2x.png */,
				FD78A2612F611CE000473C99 /* icon-ios-32x24@3x.png */,
				FD78A2622F611CE000473C99 /* icon-ios-1024x768.png */,
				FD78A2632F611CE000473C99 /* icon-ios-marketing-1024x1024.png */,
				FD78A2642F611CE000473C99 /* icon-ipad-29x29@2x.png */,
				FD78A2652F611CE000473C99 /* icon-ipad-67x50@2x.png */,
				FD78A2662F611CE000473C99 /* icon-ipad-74x55@2x.png */,
				FD78A2672F611CE000473C99 /* icon-iphone-29x29@2x.png */,
				FD78A2682F611CE000473C99 /* icon-iphone-29x29@3x.png */,
				FD78A2692F611CE000473C99 /* icon-iphone-60x45@2x.png */,
				FD78A26A2F611CE000473C99 /* icon-iphone-60x45@3x.png */,
			);
			path = "Messages Icon.stickersiconset";
			sourceTree = "<group>";
		};
/* End PBXGroup section */

/* Begin PBXNativeTarget section */
		90C805A41FB415C0009A763C /* transplantstickers */ = {
			isa = PBXNativeTarget;
			buildConfigurationList = 90C805B61FB415C1009A763C /* Build configuration list for PBXNativeTarget "transplantstickers" */;
			buildPhases = (
				90C805A31FB415C0009A763C /* Resources */,
				90C805B51FB415C1009A763C /* Embed Foundation Extensions */,
			);
			buildRules = (
			);
			dependencies = (
				90C805AC1FB415C1009A763C /* PBXTargetDependency */,
			);
			name = transplantstickers;
			productName = transplantstickers;
			productReference = 90C805A51FB415C0009A763C /* transplantstickers.app */;
			productType = "com.apple.product-type.application.messages";
		};
		90C805A81FB415C1009A763C /* transplantstickers StickerPackExtension */ = {
			isa = PBXNativeTarget;
			buildConfigurationList = 90C805B21FB415C1009A763C /* Build configuration list for PBXNativeTarget "transplantstickers StickerPackExtension" */;
			buildPhases = (
				90C805A71FB415C1009A763C /* Resources */,
			);
			buildRules = (
			);
			dependencies = (
			);
			name = "transplantstickers StickerPackExtension";
			productName = "transplantstickers StickerPackExtension";
			productReference = 90C805A91FB415C1009A763C /* transplantstickers StickerPackExtension.appex */;
			productType = "com.apple.product-type.app-extension.messages-sticker-pack";
		};
/* End PBXNativeTarget section */

/* Begin PBXProject section */
		90C8059F1FB415C0009A763C /* Project object */ = {
			isa = PBXProject;
			attributes = {
				BuildIndependentTargetsInParallel = YES;
				LastUpgradeCheck = 1640;
				ORGANIZATIONNAME = "Marc Melcher";
				TargetAttributes = {
					90C805A41FB415C0009A763C = {
						CreatedOnToolsVersion = 9.1;
						LastSwiftMigration = 2630;
						ProvisioningStyle = Automatic;
					};
					90C805A81FB415C1009A763C = {
						CreatedOnToolsVersion = 9.1;
						LastSwiftMigration = 2630;
						ProvisioningStyle = Automatic;
					};
				};
			};
			buildConfigurationList = 90C805A21FB415C0009A763C /* Build configuration list for PBXProject "transplantstickers" */;
			compatibilityVersion = "Xcode 8.0";
			developmentRegion = en;
			hasScannedForEncodings = 0;
			knownRegions = (
				en,
				Base,
			);
			mainGroup = 90C8059E1FB415C0009A763C;
			productRefGroup = 90C805A61FB415C0009A763C /* Products */;
			projectDirPath = "";
			projectRoot = "";
			targets = (
				90C805A41FB415C0009A763C /* transplantstickers */,
				90C805A81FB415C1009A763C /* transplantstickers StickerPackExtension */,
			);
		};
/* End PBXProject section */

/* Begin PBXResourcesBuildPhase section */
		90C805A31FB415C0009A763C /* Resources */ = {
			isa = PBXResourcesBuildPhase;
			buildActionMask = 2147483647;
			files = (
				FD78A22A2F60C57C00473C99 /* Assets.xcassets in Resources */,
				FD78A26C2F611CE000473C99 /* icon-iphone-29x29@2x.png in Resources */,
				FD78A26D2F611CE000473C99 /* icon-ipad-29x29@2x.png in Resources */,
				FD78A26E2F611CE000473C99 /* icon-ios-27x20@2x.png in Resources */,
				FD78A26F2F611CE000473C99 /* icon-ipad-74x55@2x.png in Resources */,
				FD78A2702F611CE000473C99 /* icon-ios-1024x768.png in Resources */,
				FD78A2712F611CE000473C99 /* icon-ios-marketing-1024x1024.png in Resources */,
				FD78A2722F611CE000473C99 /* icon-iphone-29x29@3x.png in Resources */,
				FD78A2732F611CE000473C99 /* Contents.json in Resources */,
				FD78A2742F611CE000473C99 /* icon-iphone-60x45@3x.png in Resources */,
				FD78A2752F611CE000473C99 /* icon-ios-32x24@3x.png in Resources */,
				FD78A2762F611CE000473C99 /* icon-ios-27x20@3x.png in Resources */,
				FD78A2772F611CE000473C99 /* icon-iphone-60x45@2x.png in Resources */,
				FD78A2782F611CE000473C99 /* icon-ipad-67x50@2x.png in Resources */,
				FD78A2792F611CE000473C99 /* icon-ios-32x24@2x.png in Resources */,
				90C805BA1FB415E2009A763C /* Stickers.xcstickers in Resources */,
				FD78A2412F60CC4600473C99 /* icon-ipad-74x55@2x.png in Resources */,
				FD78A2422F60CC4600473C99 /* icon-ios-1024x768.png in Resources */,
				FD78A2432F60CC4600473C99 /* icon-ios-marketing-1024x1024.png in Resources */,
				FD78A2442F60CC4600473C99 /* icon-iphone-60x45@2x.png in Resources */,
				FD78A2452F60CC4600473C99 /* icon-ios-32x24@3x.png in Resources */,
				FD78A2462F60CC4600473C99 /* icon-ios-27x20@3x.png in Resources */,
				FD78A2472F60CC4600473C99 /* icon-iphone-29x29@3x.png in Resources */,
				FD78A2482F60CC4600473C99 /* icon-ipad-67x50@2x.png in Resources */,
				FD78A2492F60CC4600473C99 /* icon-ios-32x24@2x.png in Resources */,
				FD78A24A2F60CC4600473C99 /* Contents.json in Resources */,
				FD78A24B2F60CC4600473C99 /* icon-iphone-60x45@3x.png in Resources */,
				FD78A24C2F60CC4600473C99 /* icon-ios-27x20@2x.png in Resources */,
				FD78A24D2F60CC4600473C99 /* icon-ipad-29x29@2x.png in Resources */,
				FD78A24E2F60CC4600473C99 /* icon-iphone-29x29@2x.png in Resources */,
			);
			runOnlyForDeploymentPostprocessing = 0;
		};
		90C805A71FB415C1009A763C /* Resources */ = {
			isa = PBXResourcesBuildPhase;
			buildActionMask = 2147483647;
			files = (
				FD78A2292F60C57C00473C99 /* Assets.xcassets in Resources */,
				FD78A27A2F611CE000473C99 /* icon-iphone-29x29@2x.png in Resources */,
				FD78A27B2F611CE000473C99 /* icon-ipad-29x29@2x.png in Resources */,
				FD78A27C2F611CE000473C99 /* icon-ios-27x20@2x.png in Resources */,
				FD78A27D2F611CE000473C99 /* icon-ipad-74x55@2x.png in Resources */,
				FD78A27E2F611CE000473C99 /* icon-ios-1024x768.png in Resources */,
				FD78A27F2F611CE000473C99 /* icon-ios-marketing-1024x1024.png in Resources */,
				FD78A2802F611CE000473C99 /* icon-iphone-29x29@3x.png in Resources */,
				FD78A2812F611CE000473C99 /* Contents.json in Resources */,
				FD78A2822F611CE000473C99 /* icon-iphone-60x45@3x.png in Resources */,
				FD78A2832F611CE000473C99 /* icon-ios-32x24@3x.png in Resources */,
				FD78A2842F611CE000473C99 /* icon-ios-27x20@3x.png in Resources */,
				FD78A2852F611CE000473C99 /* icon-iphone-60x45@2x.png in Resources */,
				FD78A2862F611CE000473C99 /* icon-ipad-67x50@2x.png in Resources */,
				FD78A2872F611CE000473C99 /* icon-ios-32x24@2x.png in Resources */,
				907E90491FB434D200C23B68 /* Stickers.xcstickers in Resources */,
				FD78A24F2F60CC4600473C99 /* icon-ipad-74x55@2x.png in Resources */,
				FD78A2502F60CC4600473C99 /* icon-ios-1024x768.png in Resources */,
				FD78A2512F60CC4600473C99 /* icon-ios-marketing-1024x1024.png in Resources */,
				FD78A2522F60CC4600473C99 /* icon-iphone-60x45@2x.png in Resources */,
				FD78A2532F60CC4600473C99 /* icon-ios-32x24@3x.png in Resources */,
				FD78A2542F60CC4600473C99 /* icon-ios-27x20@3x.png in Resources */,
				FD78A2552F60CC4600473C99 /* icon-iphone-29x29@3x.png in Resources */,
				FD78A2562F60CC4600473C99 /* icon-ipad-67x50@2x.png in Resources */,
				FD78A2572F60CC4600473C99 /* icon-ios-32x24@2x.png in Resources */,
				FD78A2582F60CC4600473C99 /* Contents.json in Resources */,
				FD78A2592F60CC4600473C99 /* icon-iphone-60x45@3x.png in Resources */,
				FD78A25A2F60CC4600473C99 /* icon-ios-27x20@2x.png in Resources */,
				FD78A25B2F60CC4600473C99 /* icon-ipad-29x29@2x.png in Resources */,
				FD78A25C2F60CC4600473C99 /* icon-iphone-29x29@2x.png in Resources */,
			);
			runOnlyForDeploymentPostprocessing = 0;
		};
/* End PBXResourcesBuildPhase section */

/* Begin PBXTargetDependency section */
		90C805AC1FB415C1009A763C /* PBXTargetDependency */ = {
			isa = PBXTargetDependency;
			target = 90C805A81FB415C1009A763C /* transplantstickers StickerPackExtension */;
			targetProxy = 90C805AB1FB415C1009A763C /* PBXContainerItemProxy */;
		};
/* End PBXTargetDependency section */

/* Begin XCBuildConfiguration section */
		90C805B01FB415C1009A763C /* Debug */ = {
			isa = XCBuildConfiguration;
			buildSettings = {
				ALWAYS_SEARCH_USER_PATHS = NO;
				ASSETCATALOG_COMPILER_GENERATE_SWIFT_ASSET_SYMBOL_EXTENSIONS = YES;
				CLANG_ANALYZER_NONNULL = YES;
				CLANG_ANALYZER_NUMBER_OBJECT_CONVERSION = YES_AGGRESSIVE;
				CLANG_CXX_LANGUAGE_STANDARD = "gnu++14";
				CLANG_CXX_LIBRARY = "libc++";
				CLANG_ENABLE_MODULES = YES;
				CLANG_ENABLE_OBJC_ARC = YES;
				CLANG_WARN_BLOCK_CAPTURE_AUTORELEASING = YES;
				CLANG_WARN_BOOL_CONVERSION = YES;
				CLANG_WARN_COMMA = YES;
				CLANG_WARN_CONSTANT_CONVERSION = YES;
				CLANG_WARN_DEPRECATED_OBJC_IMPLEMENTATIONS = YES;
				CLANG_WARN_DIRECT_OBJC_ISA_USAGE = YES_ERROR;
				CLANG_WARN_DOCUMENTATION_COMMENTS = YES;
				CLANG_WARN_EMPTY_BODY = YES;
				CLANG_WARN_ENUM_CONVERSION = YES;
				CLANG_WARN_INFINITE_RECURSION = YES;
				CLANG_WARN_INT_CONVERSION = YES;
				CLANG_WARN_NON_LITERAL_NULL_CONVERSION = YES;
				CLANG_WARN_OBJC_IMPLICIT_RETAIN_SELF = YES;
				CLANG_WARN_OBJC_LITERAL_CONVERSION = YES;
				CLANG_WARN_OBJC_ROOT_CLASS = YES_ERROR;
				CLANG_WARN_QUOTED_INCLUDE_IN_FRAMEWORK_HEADER = YES;
				CLANG_WARN_RANGE_LOOP_ANALYSIS = YES;
				CLANG_WARN_STRICT_PROTOTYPES = YES;
				CLANG_WARN_SUSPICIOUS_MOVE = YES;
				CLANG_WARN_UNGUARDED_AVAILABILITY = YES_AGGRESSIVE;
				CLANG_WARN_UNREACHABLE_CODE = YES;
				CLANG_WARN__DUPLICATE_METHOD_MATCH = YES;
				CODE_SIGN_IDENTITY = "iPhone Developer";
				COPY_PHASE_STRIP = NO;
				DEBUG_INFORMATION_FORMAT = dwarf;
				DEVELOPMENT_TEAM = C3U5S48E88;
				ENABLE_STRICT_OBJC_MSGSEND = YES;
				ENABLE_TESTABILITY = YES;
				ENABLE_USER_SCRIPT_SANDBOXING = YES;
				GCC_C_LANGUAGE_STANDARD = gnu11;
				GCC_DYNAMIC_NO_PIC = NO;
				GCC_NO_COMMON_BLOCKS = YES;
				GCC_OPTIMIZATION_LEVEL = 0;
				GCC_PREPROCESSOR_DEFINITIONS = (
					"DEBUG=1",
					"$(inherited)",
				);
				GCC_WARN_64_TO_32_BIT_CONVERSION = YES;
				GCC_WARN_ABOUT_RETURN_TYPE = YES_ERROR;
				GCC_WARN_UNDECLARED_SELECTOR = YES;
				GCC_WARN_UNINITIALIZED_AUTOS = YES_AGGRESSIVE;
				GCC_WARN_UNUSED_FUNCTION = YES;
				GCC_WARN_UNUSED_VARIABLE = YES;
				IPHONEOS_DEPLOYMENT_TARGET = 15.6;
				MTL_ENABLE_DEBUG_INFO = YES;
				ONLY_ACTIVE_ARCH = YES;
				SDKROOT = iphoneos;
			};
			name = Debug;
		};
		90C805B11FB415C1009A763C /* Release */ = {
			isa = XCBuildConfiguration;
			buildSettings = {
				ALWAYS_SEARCH_USER_PATHS = NO;
				ASSETCATALOG_COMPILER_GENERATE_SWIFT_ASSET_SYMBOL_EXTENSIONS = YES;
				CLANG_ANALYZER_NONNULL = YES;
				CLANG_ANALYZER_NUMBER_OBJECT_CONVERSION = YES_AGGRESSIVE;
				CLANG_CXX_LANGUAGE_STANDARD = "gnu++14";
				CLANG_CXX_LIBRARY = "libc++";
				CLANG_ENABLE_MODULES = YES;
				CLANG_ENABLE_OBJC_ARC = YES;
				CLANG_WARN_BLOCK_CAPTURE_AUTORELEASING = YES;
				CLANG_WARN_BOOL_CONVERSION = YES;
				CLANG_WARN_COMMA = YES;
				CLANG_WARN_CONSTANT_CONVERSION = YES;
				CLANG_WARN_DEPRECATED_OBJC_IMPLEMENTATIONS = YES;
				CLANG_WARN_DIRECT_OBJC_ISA_USAGE = YES_ERROR;
				CLANG_WARN_DOCUMENTATION_COMMENTS = YES;
				CLANG_WARN_EMPTY_BODY = YES;
				CLANG_WARN_ENUM_CONVERSION = YES;
				CLANG_WARN_INFINITE_RECURSION = YES;
				CLANG_WARN_INT_CONVERSION = YES;
				CLANG_WARN_NON_LITERAL_NULL_CONVERSION = YES;
				CLANG_WARN_OBJC_IMPLICIT_RETAIN_SELF = YES;
				CLANG_WARN_OBJC_LITERAL_CONVERSION = YES;
				CLANG_WARN_OBJC_ROOT_CLASS = YES_ERROR;
				CLANG_WARN_QUOTED_INCLUDE_IN_FRAMEWORK_HEADER = YES;
				CLANG_WARN_RANGE_LOOP_ANALYSIS = YES;
				CLANG_WARN_STRICT_PROTOTYPES = YES;
				CLANG_WARN_SUSPICIOUS_MOVE = YES;
				CLANG_WARN_UNGUARDED_AVAILABILITY = YES_AGGRESSIVE;
				CLANG_WARN_UNREACHABLE_CODE = YES;
				CLANG_WARN__DUPLICATE_METHOD_MATCH = YES;
				CODE_SIGN_IDENTITY = "iPhone Developer";
				COPY_PHASE_STRIP = NO;
				DEBUG_INFORMATION_FORMAT = "dwarf-with-dsym";
				DEVELOPMENT_TEAM = C3U5S48E88;
				ENABLE_NS_ASSERTIONS = NO;
				ENABLE_STRICT_OBJC_MSGSEND = YES;
				ENABLE_USER_SCRIPT_SANDBOXING = YES;
				GCC_C_LANGUAGE_STANDARD = gnu11;
				GCC_NO_COMMON_BLOCKS = YES;
				GCC_WARN_64_TO_32_BIT_CONVERSION = YES;
				GCC_WARN_ABOUT_RETURN_TYPE = YES_ERROR;
				GCC_WARN_UNDECLARED_SELECTOR = YES;
				GCC_WARN_UNINITIALIZED_AUTOS = YES_AGGRESSIVE;
				GCC_WARN_UNUSED_FUNCTION = YES;
				GCC_WARN_UNUSED_VARIABLE = YES;
				IPHONEOS_DEPLOYMENT_TARGET = 15.6;
				MTL_ENABLE_DEBUG_INFO = NO;
				SDKROOT = iphoneos;
				VALIDATE_PRODUCT = YES;
			};
			name = Release;
		};
		90C805B31FB415C1009A763C /* Debug */ = {
			isa = XCBuildConfiguration;
			buildSettings = {
				ASSETCATALOG_COMPILER_APPICON_NAME = AppIcon;
				CLANG_ENABLE_MODULES = YES;
				CODE_SIGN_STYLE = Automatic;
				CURRENT_PROJECT_VERSION = 1;
				INFOPLIST_FILE = "transplantstickers StickerPackExtension/Info.plist";
				MARKETING_VERSION = 1.5;
				PRODUCT_BUNDLE_IDENTIFIER = com.transplanttools.transplantstickers.StickerPackExtension;
				PRODUCT_NAME = "$(TARGET_NAME)";
				SKIP_INSTALL = YES;
				SWIFT_OPTIMIZATION_LEVEL = "-Onone";
				SWIFT_VERSION = 6.0;
				TARGETED_DEVICE_FAMILY = "1,2";
			};
			name = Debug;
		};
		90C805B41FB415C1009A763C /* Release */ = {
			isa = XCBuildConfiguration;
			buildSettings = {
				ASSETCATALOG_COMPILER_APPICON_NAME = AppIcon;
				CLANG_ENABLE_MODULES = YES;
				CODE_SIGN_STYLE = Automatic;
				CURRENT_PROJECT_VERSION = 1;
				INFOPLIST_FILE = "transplantstickers StickerPackExtension/Info.plist";
				MARKETING_VERSION = 1.5;
				PRODUCT_BUNDLE_IDENTIFIER = com.transplanttools.transplantstickers.StickerPackExtension;
				PRODUCT_NAME = "$(TARGET_NAME)";
				SKIP_INSTALL = YES;
				SWIFT_VERSION = 6.0;
				TARGETED_DEVICE_FAMILY = "1,2";
			};
			name = Release;
		};
		90C805B71FB415C1009A763C /* Debug */ = {
			isa = XCBuildConfiguration;
			buildSettings = {
				ASSETCATALOG_COMPILER_APPICON_NAME = AppIcon;
				CLANG_ENABLE_MODULES = YES;
				CODE_SIGN_STYLE = Automatic;
				CURRENT_PROJECT_VERSION = 4;
				INFOPLIST_FILE = transplantstickers/Info.plist;
				IPHONEOS_DEPLOYMENT_TARGET = 15.6;
				MARKETING_VERSION = 1.5;
				PRODUCT_BUNDLE_IDENTIFIER = com.transplanttools.transplantstickers;
				PRODUCT_NAME = "$(TARGET_NAME)";
				SWIFT_OPTIMIZATION_LEVEL = "-Onone";
				SWIFT_VERSION = 6.0;
				TARGETED_DEVICE_FAMILY = "1,2";
			};
			name = Debug;
		};
		90C805B81FB415C1009A763C /* Release */ = {
			isa = XCBuildConfiguration;
			buildSettings = {
				ASSETCATALOG_COMPILER_APPICON_NAME = AppIcon;
				CLANG_ENABLE_MODULES = YES;
				CODE_SIGN_STYLE = Automatic;
				CURRENT_PROJECT_VERSION = 4;
				INFOPLIST_FILE = transplantstickers/Info.plist;
				IPHONEOS_DEPLOYMENT_TARGET = 15.6;
				MARKETING_VERSION = 1.5;
				PRODUCT_BUNDLE_IDENTIFIER = com.transplanttools.transplantstickers;
				PRODUCT_NAME = "$(TARGET_NAME)";
				SWIFT_VERSION = 6.0;
				TARGETED_DEVICE_FAMILY = "1,2";
			};
			name = Release;
		};
/* End XCBuildConfiguration section */

/* Begin XCConfigurationList section */
		90C805A21FB415C0009A763C /* Build configuration list for PBXProject "transplantstickers" */ = {
			isa = XCConfigurationList;
			buildConfigurations = (
				90C805B01FB415C1009A763C /* Debug */,
				90C805B11FB415C1009A763C /* Release */,
			);
			defaultConfigurationIsVisible = 0;
			defaultConfigurationName = Release;
		};
		90C805B21FB415C1009A763C /* Build configuration list for PBXNativeTarget "transplantstickers StickerPackExtension" */ = {
			isa = XCConfigurationList;
			buildConfigurations = (
				90C805B31FB415C1009A763C /* Debug */,
				90C805B41FB415C1009A763C /* Release */,
			);
			defaultConfigurationIsVisible = 0;
			defaultConfigurationName = Release;
		};
		90C805B61FB415C1009A763C /* Build configuration list for PBXNativeTarget "transplantstickers" */ = {
			isa = XCConfigurationList;
			buildConfigurations = (
				90C805B71FB415C1009A763C /* Debug */,
				90C805B81FB415C1009A763C /* Release */,
			);
			defaultConfigurationIsVisible = 0;
			defaultConfigurationName = Release;
		};
/* End XCConfigurationList section */
	};
	rootObject = 90C8059F1FB415C0009A763C /* Project object */;
}
